
Microsoft Visual Studio Solution File, Format Version 12.00
# Visual Studio 15
VisualStudioVersion = 15.0.27428.2043
MinimumVisualStudioVersion = 10.0.40219.1
Project("{FAE04EC0-301F-11D3-BF4B-00C04F79EFBC}") = "MyAssistant", "MyAssistant\MyAssistant.csproj", "{CA28F5C6-DD68-468B-96B4-F6A118D5D4C6}"
EndProject
Global
	GlobalSection(SolutionConfigurationPlatforms) = preSolution
		Debug|Any CPU = Debug|Any CPU
		Release|Any CPU = Release|Any CPU
	EndGlobalSection
	GlobalSection(ProjectConfigurationPlatforms) = postSolution
		{CA28F5C6-DD68-468B-96B4-F6A118D5D4C6}.Debug|Any CPU.ActiveCfg = Debug|Any CPU
		{CA28F5C6-DD68-468B-96B4-F6A118D5D4C6}.Debug|Any CPU.Build.0 = Debug|Any CPU
		{CA28F5C6-DD68-468B-96B4-F6A118D5D4C6}.Release|Any CPU.ActiveCfg = Release|Any CPU
		{CA28F5C6-DD68-468B-96B4-F6A118D5D4C6}.Release|Any CPU.Build.0 = Release|Any CPU
	EndGlobalSection
	GlobalSection(SolutionProperties) = preSolution
		HideSolutionNode = FALSE
	EndGlobalSection
	GlobalSection(ExtensibilityGlobals) = postSolution
		SolutionGuid = {6B58FBB9-F9E9-4721-B88B-8170552698D9}
	EndGlobalSection
EndGlobal
